// !$*UTF8*$!
{
	archiveVersion = 1;
	classes = {
	};
	objectVersion = 56;
	objects = {

/* Begin PBXBuildFile section */
		8D2F1BF82A2E34E4006B1828 /* HoneymoonModel.swift in Sources */ = {isa = PBXBuildFile; fileRef = 8D2F1BF72A2E34E4006B1828 /* HoneymoonModel.swift */; };
		8D2F1BFA2A2E34EC006B1828 /* HoneymoonData.swift in Sources */ = {isa = PBXBuildFile; fileRef = 8D2F1BF92A2E34EC006B1828 /* HoneymoonData.swift */; };
		8D2F1C002A2E3550006B1828 /* TitleModifier.swift in Sources */ = {isa = PBXBuildFile; fileRef = 8D2F1BFF2A2E3550006B1828 /* TitleModifier.swift */; };
		8D2F1C022A2E3562006B1828 /* ButtonModifier.swift in Sources */ = {isa = PBXBuildFile; fileRef = 8D2F1C012A2E3562006B1828 /* ButtonModifier.swift */; };
		8D2F1C042A2E356C006B1828 /* SymbolModifier.swift in Sources */ = {isa = PBXBuildFile; fileRef = 8D2F1C032A2E356C006B1828 /* SymbolModifier.swift */; };
		8D2F1C072A2E35CF006B1828 /* CardTransition.swift in Sources */ = {isa = PBXBuildFile; fileRef = 8D2F1C062A2E35CF006B1828 /* CardTransition.swift */; };
		8D2F1C0A2A2E3607006B1828 /* HeaderComponent.swift in Sources */ = {isa = PBXBuildFile; fileRef = 8D2F1C092A2E3607006B1828 /* HeaderComponent.swift */; };
		8D2F1C0C2A2E3613006B1828 /* GuideComponent.swift in Sources */ = {isa = PBXBuildFile; fileRef = 8D2F1C0B2A2E3613006B1828 /* GuideComponent.swift */; };
		8D2F1C0F2A2E369D006B1828 /* PlaySound.swift in Sources */ = {isa = PBXBuildFile; fileRef = 8D2F1C0E2A2E369D006B1828 /* PlaySound.swift */; };
		8D2F1C132A2E36CE006B1828 /* sound-rise.mp3 in Resources */ = {isa = PBXBuildFile; fileRef = 8D2F1C112A2E36CE006B1828 /* sound-rise.mp3 */; };
		8D2F1C142A2E36CE006B1828 /* sound-click.mp3 in Resources */ = {isa = PBXBuildFile; fileRef = 8D2F1C122A2E36CE006B1828 /* sound-click.mp3 */; };
		8D2F1C162A2E377F006B1828 /* CardView.swift in Sources */ = {isa = PBXBuildFile; fileRef = 8D2F1C152A2E377F006B1828 /* CardView.swift */; };
		8D2F1C182A2E3885006B1828 /* HeaderView.swift in Sources */ = {isa = PBXBuildFile; fileRef = 8D2F1C172A2E3885006B1828 /* HeaderView.swift */; };
		8D2F1C1A2A2E397C006B1828 /* FooterView.swift in Sources */ = {isa = PBXBuildFile; fileRef = 8D2F1C192A2E397C006B1828 /* FooterView.swift */; };
		8D2F1C1C2A2E3B5D006B1828 /* GuideView.swift in Sources */ = {isa = PBXBuildFile; fileRef = 8D2F1C1B2A2E3B5D006B1828 /* GuideView.swift */; };
		8D2F1C1E2A2F5D71006B1828 /* InfoView.swift in Sources */ = {isa = PBXBuildFile; fileRef = 8D2F1C1D2A2F5D71006B1828 /* InfoView.swift */; };
		8D2F1C202A2F7120006B1828 /* Helper.swift in Sources */ = {isa = PBXBuildFile; fileRef = 8D2F1C1F2A2F7120006B1828 /* Helper.swift */; };
		8D6744692A2E278000D30320 /* HoneymoonApp.swift in Sources */ = {isa = PBXBuildFile; fileRef = 8D6744682A2E278000D30320 /* HoneymoonApp.swift */; };
		8D67446B2A2E278000D30320 /* ContentView.swift in Sources */ = {isa = PBXBuildFile; fileRef = 8D67446A2A2E278000D30320 /* ContentView.swift */; };
		8D67446D2A2E278300D30320 /* Assets.xcassets in Resources */ = {isa = PBXBuildFile; fileRef = 8D67446C2A2E278300D30320 /* Assets.xcassets */; };
		8D6744702A2E278300D30320 /* Preview Assets.xcassets in Resources */ = {isa = PBXBuildFile; fileRef = 8D67446F2A2E278300D30320 /* Preview Assets.xcassets */; };
/* End PBXBuildFile section */

/* Begin PBXFileReference section */
		8D2F1BF32A2E2AAB006B1828 /* Info.plist */ = {isa = PBXFileReference; lastKnownFileType = text.plist; path = Info.plist; sourceTree = "<group>"; };
		8D2F1BF72A2E34E4006B1828 /* HoneymoonModel.swift */ = {isa = PBXFileReference; lastKnownFileType = sourcecode.swift; path = HoneymoonModel.swift; sourceTree = "<group>"; };
		8D2F1BF92A2E34EC006B1828 /* HoneymoonData.swift */ = {isa = PBXFileReference; lastKnownFileType = sourcecode.swift; path = HoneymoonData.swift; sourceTree = "<group>"; };
		8D2F1BFF2A2E3550006B1828 /* TitleModifier.swift */ = {isa = PBXFileReference; lastKnownFileType = sourcecode.swift; path = TitleModifier.swift; sourceTree = "<group>"; };
		8D2F1C012A2E3562006B1828 /* ButtonModifier.swift */ = {isa = PBXFileReference; lastKnownFileType = sourcecode.swift; path = ButtonModifier.swift; sourceTree = "<group>"; };
		8D2F1C032A2E356C006B1828 /* SymbolModifier.swift */ = {isa = PBXFileReference; lastKnownFileType = sourcecode.swift; path = SymbolModifier.swift; sourceTree = "<group>"; };
		8D2F1C062A2E35CF006B1828 /* CardTransition.swift */ = {isa = PBXFileReference; lastKnownFileType = sourcecode.swift; path = CardTransition.swift; sourceTree = "<group>"; };
		8D2F1C092A2E3607006B1828 /* HeaderComponent.swift */ = {isa = PBXFileReference; lastKnownFileType = sourcecode.swift; path = HeaderComponent.swift; sourceTree = "<group>"; };
		8D2F1C0B2A2E3613006B1828 /* GuideComponent.swift */ = {isa = PBXFileReference; lastKnownFileType = sourcecode.swift; path = GuideComponent.swift; sourceTree = "<group>"; };
		8D2F1C0E2A2E369D006B1828 /* PlaySound.swift */ = {isa = PBXFileReference; lastKnownFileType = sourcecode.swift; path = PlaySound.swift; sourceTree = "<group>"; };
		8D2F1C112A2E36CE006B1828 /* sound-rise.mp3 */ = {isa = PBXFileReference; lastKnownFileType = audio.mp3; path = "sound-rise.mp3"; sourceTree = "<group>"; };
		8D2F1C122A2E36CE006B1828 /* sound-click.mp3 */ = {isa = PBXFileReference; lastKnownFileType = audio.mp3; path = "sound-click.mp3"; sourceTree = "<group>"; };
		8D2F1C152A2E377F006B1828 /* CardView.swift */ = {isa = PBXFileReference; lastKnownFileType = sourcecode.swift; path = CardView.swift; sourceTree = "<group>"; };
		8D2F1C172A2E3885006B1828 /* HeaderView.swift */ = {isa = PBXFileReference; lastKnownFileType = sourcecode.swift; path = HeaderView.swift; sourceTree = "<group>"; };
		8D2F1C192A2E397C006B1828 /* FooterView.swift */ = {isa = PBXFileReference; lastKnownFileType = sourcecode.swift; path = FooterView.swift; sourceTree = "<group>"; };
		8D2F1C1B2A2E3B5D006B1828 /* GuideView.swift */ = {isa = PBXFileReference; lastKnownFileType = sourcecode.swift; path = GuideView.swift; sourceTree = "<group>"; };
		8D2F1C1D2A2F5D71006B1828 /* InfoView.swift */ = {isa = PBXFileReference; lastKnownFileType = sourcecode.swift; path = InfoView.swift; sourceTree = "<group>"; };
		8D2F1C1F2A2F7120006B1828 /* Helper.swift */ = {isa = PBXFileReference; lastKnownFileType = sourcecode.swift; path = Helper.swift; sourceTree = "<group>"; };
		8D6744652A2E278000D30320 /* Honeymoon.app */ = {isa = PBXFileReference; explicitFileType = wrapper.application; includeInIndex = 0; path = Honeymoon.app; sourceTree = BUILT_PRODUCTS_DIR; };
		8D6744682A2E278000D30320 /* HoneymoonApp.swift */ = {isa = PBXFileReference; lastKnownFileType = sourcecode.swift; path = HoneymoonApp.swift; sourceTree = "<group>"; };
		8D67446A2A2E278000D30320 /* ContentView.swift */ = {isa = PBXFileReference; lastKnownFileType = sourcecode.swift; path = ContentView.swift; sourceTree = "<group>"; };
		8D67446C2A2E278300D30320 /* Assets.xcassets */ = {isa = PBXFileReference; lastKnownFileType = folder.assetcatalog; path = Assets.xcassets; sourceTree = "<group>"; };
		8D67446F2A2E278300D30320 /* Preview Assets.xcassets */ = {isa = PBXFileReference; lastKnownFileType = folder.assetcatalog; path = "Preview Assets.xcassets"; sourceTree = "<group>"; };
/* End PBXFileReference section */

/* Begin PBXFrameworksBuildPhase section */
		8D6744622A2E278000D30320 /* Frameworks */ = {
			isa = PBXFrameworksBuildPhase;
			buildActionMask = 2147483647;
			files = (
			);
			runOnlyForDeploymentPostprocessing = 0;
		};
/* End PBXFrameworksBuildPhase section */

/* Begin PBXGroup section */
		8D2F1BF42A2E34B2006B1828 /* Model */ = {
			isa = PBXGroup;
			children = (
				8D2F1BF72A2E34E4006B1828 /* HoneymoonModel.swift */,
			);
			path = Model;
			sourceTree = "<group>";
		};
		8D2F1BF52A2E34B8006B1828 /* View */ = {
			isa = PBXGroup;
			children = (
				8D6744682A2E278000D30320 /* HoneymoonApp.swift */,
				8D67446A2A2E278000D30320 /* ContentView.swift */,
				8D2F1C152A2E377F006B1828 /* CardView.swift */,
				8D2F1C172A2E3885006B1828 /* HeaderView.swift */,
				8D2F1C192A2E397C006B1828 /* FooterView.swift */,
				8D2F1C1B2A2E3B5D006B1828 /* GuideView.swift */,
				8D2F1C1D2A2F5D71006B1828 /* InfoView.swift */,
			);
			path = View;
			sourceTree = "<group>";
		};
		8D2F1BF62A2E34D2006B1828 /* Data */ = {
			isa = PBXGroup;
			children = (
				8D2F1BF92A2E34EC006B1828 /* HoneymoonData.swift */,
			);
			path = Data;
			sourceTree = "<group>";
		};
		8D2F1BFE2A2E3537006B1828 /* Modifier */ = {
			isa = PBXGroup;
			children = (
				8D2F1BFF2A2E3550006B1828 /* TitleModifier.swift */,
				8D2F1C012A2E3562006B1828 /* ButtonModifier.swift */,
				8D2F1C032A2E356C006B1828 /* SymbolModifier.swift */,
			);
			path = Modifier;
			sourceTree = "<group>";
		};
		8D2F1C052A2E35A8006B1828 /* Extension */ = {
			isa = PBXGroup;
			children = (
				8D2F1C062A2E35CF006B1828 /* CardTransition.swift */,
			);
			path = Extension;
			sourceTree = "<group>";
		};
		8D2F1C082A2E35EC006B1828 /* Component */ = {
			isa = PBXGroup;
			children = (
				8D2F1C092A2E3607006B1828 /* HeaderComponent.swift */,
				8D2F1C0B2A2E3613006B1828 /* GuideComponent.swift */,
			);
			path = Component;
			sourceTree = "<group>";
		};
		8D2F1C0D2A2E3691006B1828 /* Utility */ = {
			isa = PBXGroup;
			children = (
				8D2F1C0E2A2E369D006B1828 /* PlaySound.swift */,
				8D2F1C1F2A2F7120006B1828 /* Helper.swift */,
			);
			path = Utility;
			sourceTree = "<group>";
		};
		8D2F1C102A2E36C0006B1828 /* Sounds */ = {
			isa = PBXGroup;
			children = (
				8D2F1C122A2E36CE006B1828 /* sound-click.mp3 */,
				8D2F1C112A2E36CE006B1828 /* sound-rise.mp3 */,
			);
			path = Sounds;
			sourceTree = "<group>";
		};
		8D67445C2A2E278000D30320 = {
			isa = PBXGroup;
			children = (
				8D6744672A2E278000D30320 /* Honeymoon */,
				8D6744662A2E278000D30320 /* Products */,
			);
			sourceTree = "<group>";
		};
		8D6744662A2E278000D30320 /* Products */ = {
			isa = PBXGroup;
			children = (
				8D6744652A2E278000D30320 /* Honeymoon.app */,
			);
			name = Products;
			sourceTree = "<group>";
		};
		8D6744672A2E278000D30320 /* Honeymoon */ = {
			isa = PBXGroup;
			children = (
				8D2F1BF32A2E2AAB006B1828 /* Info.plist */,
				8D2F1BF52A2E34B8006B1828 /* View */,
				8D2F1BF42A2E34B2006B1828 /* Model */,
				8D2F1BF62A2E34D2006B1828 /* Data */,
				8D2F1BFE2A2E3537006B1828 /* Modifier */,
				8D2F1C052A2E35A8006B1828 /* Extension */,
				8D2F1C082A2E35EC006B1828 /* Component */,
				8D2F1C0D2A2E3691006B1828 /* Utility */,
				8D2F1C102A2E36C0006B1828 /* Sounds */,
				8D67446C2A2E278300D30320 /* Assets.xcassets */,
				8D67446E2A2E278300D30320 /* Preview Content */,
			);
			path = Honeymoon;
			sourceTree = "<group>";
		};
		8D67446E2A2E278300D30320 /* Preview Content */ = {
			isa = PBXGroup;
			children = (
				8D67446F2A2E278300D30320 /* Preview Assets.xcassets */,
			);
			path = "Preview Content";
			sourceTree = "<group>";
		};
/* End PBXGroup section */

/* Begin PBXNativeTarget section */
		8D6744642A2E278000D30320 /* Honeymoon */ = {
			isa = PBXNativeTarget;
			buildConfigurationList = 8D6744732A2E278300D30320 /* Build configuration list for PBXNativeTarget "Honeymoon" */;
			buildPhases = (
				8D6744612A2E278000D30320 /* Sources */,
				8D6744622A2E278000D30320 /* Frameworks */,
				8D6744632A2E278000D30320 /* Resources */,
			);
			buildRules = (
			);
			dependencies = (
			);
			name = Honeymoon;
			productName = Honeymoon;
			productReference = 8D6744652A2E278000D30320 /* Honeymoon.app */;
			productType = "com.apple.product-type.application";
		};
/* End PBXNativeTarget section */

/* Begin PBXProject section */
		8D67445D2A2E278000D30320 /* Project object */ = {
			isa = PBXProject;
			attributes = {
				BuildIndependentTargetsInParallel = 1;
				LastSwiftUpdateCheck = 1420;
				LastUpgradeCheck = 1420;
				TargetAttributes = {
					8D6744642A2E278000D30320 = {
						CreatedOnToolsVersion = 14.2;
					};
				};
			};
			buildConfigurationList = 8D6744602A2E278000D30320 /* Build configuration list for PBXProject "Honeymoon" */;
			compatibilityVersion = "Xcode 14.0";
			developmentRegion = en;
			hasScannedForEncodings = 0;
			knownRegions = (
				en,
				Base,
			);
			mainGroup = 8D67445C2A2E278000D30320;
			productRefGroup = 8D6744662A2E278000D30320 /* Products */;
			projectDirPath = "";
			projectRoot = "";
			targets = (
				8D6744642A2E278000D30320 /* Honeymoon */,
			);
		};
/* End PBXProject section */

/* Begin PBXResourcesBuildPhase section */
		8D6744632A2E278000D30320 /* Resources */ = {
			isa = PBXResourcesBuildPhase;
			buildActionMask = 2147483647;
			files = (
				8D2F1C132A2E36CE006B1828 /* sound-rise.mp3 in Resources */,
				8D2F1C142A2E36CE006B1828 /* sound-click.mp3 in Resources */,
				8D6744702A2E278300D30320 /* Preview Assets.xcassets in Resources */,
				8D67446D2A2E278300D30320 /* Assets.xcassets in Resources */,
			);
			runOnlyForDeploymentPostprocessing = 0;
		};
/* End PBXResourcesBuildPhase section */

/* Begin PBXSourcesBuildPhase section */
		8D6744612A2E278000D30320 /* Sources */ = {
			isa = PBXSourcesBuildPhase;
			buildActionMask = 2147483647;
			files = (
				8D2F1C1E2A2F5D71006B1828 /* InfoView.swift in Sources */,
				8D2F1C022A2E3562006B1828 /* ButtonModifier.swift in Sources */,
				8D2F1C1A2A2E397C006B1828 /* FooterView.swift in Sources */,
				8D2F1C002A2E3550006B1828 /* TitleModifier.swift in Sources */,
				8D2F1C0C2A2E3613006B1828 /* GuideComponent.swift in Sources */,
				8D2F1BFA2A2E34EC006B1828 /* HoneymoonData.swift in Sources */,
				8D2F1BF82A2E34E4006B1828 /* HoneymoonModel.swift in Sources */,
				8D2F1C072A2E35CF006B1828 /* CardTransition.swift in Sources */,
				8D2F1C202A2F7120006B1828 /* Helper.swift in Sources */,
				8D2F1C042A2E356C006B1828 /* SymbolModifier.swift in Sources */,
				8D2F1C0F2A2E369D006B1828 /* PlaySound.swift in Sources */,
				8D2F1C1C2A2E3B5D006B1828 /* GuideView.swift in Sources */,
				8D2F1C0A2A2E3607006B1828 /* HeaderComponent.swift in Sources */,
				8D67446B2A2E278000D30320 /* ContentView.swift in Sources */,
				8D2F1C162A2E377F006B1828 /* CardView.swift in Sources */,
				8D6744692A2E278000D30320 /* HoneymoonApp.swift in Sources */,
				8D2F1C182A2E3885006B1828 /* HeaderView.swift in Sources */,
			);
			runOnlyForDeploymentPostprocessing = 0;
		};
/* End PBXSourcesBuildPhase section */

/* Begin XCBuildConfiguration section */
		8D6744712A2E278300D30320 /* Debug */ = {
			isa = XCBuildConfiguration;
			buildSettings = {
				ALWAYS_SEARCH_USER_PATHS = NO;
				CLANG_ANALYZER_NONNULL = YES;
				CLANG_ANALYZER_NUMBER_OBJECT_CONVERSION = YES_AGGRESSIVE;
				CLANG_CXX_LANGUAGE_STANDARD = "gnu++20";
				CLANG_ENABLE_MODULES = YES;
				CLANG_ENABLE_OBJC_ARC = YES;
				CLANG_ENABLE_OBJC_WEAK = YES;
				CLANG_WARN_BLOCK_CAPTURE_AUTORELEASING = YES;
				CLANG_WARN_BOOL_CONVERSION = YES;
				CLANG_WARN_COMMA = YES;
				CLANG_WARN_CONSTANT_CONVERSION = YES;
				CLANG_WARN_DEPRECATED_OBJC_IMPLEMENTATIONS = YES;
				CLANG_WARN_DIRECT_OBJC_ISA_USAGE = YES_ERROR;
				CLANG_WARN_DOCUMENTATION_COMMENTS = YES;
				CLANG_WARN_EMPTY_BODY = YES;
				CLANG_WARN_ENUM_CONVERSION = YES;
				CLANG_WARN_INFINITE_RECURSION = YES;
				CLANG_WARN_INT_CONVERSION = YES;
				CLANG_WARN_NON_LITERAL_NULL_CONVERSION = YES;
				CLANG_WARN_OBJC_IMPLICIT_RETAIN_SELF = YES;
				CLANG_WARN_OBJC_LITERAL_CONVERSION = YES;
				CLANG_WARN_OBJC_ROOT_CLASS = YES_ERROR;
				CLANG_WARN_QUOTED_INCLUDE_IN_FRAMEWORK_HEADER = YES;
				CLANG_WARN_RANGE_LOOP_ANALYSIS = YES;
				CLANG_WARN_STRICT_PROTOTYPES = YES;
				CLANG_WARN_SUSPICIOUS_MOVE = YES;
				CLANG_WARN_UNGUARDED_AVAILABILITY = YES_AGGRESSIVE;
				CLANG_WARN_UNREACHABLE_CODE = YES;
				CLANG_WARN__DUPLICATE_METHOD_MATCH = YES;
				COPY_PHASE_STRIP = NO;
				DEBUG_INFORMATION_FORMAT = dwarf;
				ENABLE_STRICT_OBJC_MSGSEND = YES;
				ENABLE_TESTABILITY = YES;
				GCC_C_LANGUAGE_STANDARD = gnu11;
				GCC_DYNAMIC_NO_PIC = NO;
				GCC_NO_COMMON_BLOCKS = YES;
				GCC_OPTIMIZATION_LEVEL = 0;
				GCC_PREPROCESSOR_DEFINITIONS = (
					"DEBUG=1",
					"$(inherited)",
				);
				GCC_WARN_64_TO_32_BIT_CONVERSION = YES;
				GCC_WARN_ABOUT_RETURN_TYPE = YES_ERROR;
				GCC_WARN_UNDECLARED_SELECTOR = YES;
				GCC_WARN_UNINITIALIZED_AUTOS = YES_AGGRESSIVE;
				GCC_WARN_UNUSED_FUNCTION = YES;
				GCC_WARN_UNUSED_VARIABLE = YES;
				IPHONEOS_DEPLOYMENT_TARGET = 16.2;
				MTL_ENABLE_DEBUG_INFO = INCLUDE_SOURCE;
				MTL_FAST_MATH = YES;
				ONLY_ACTIVE_ARCH = YES;
				SDKROOT = iphoneos;
				SWIFT_ACTIVE_COMPILATION_CONDITIONS = DEBUG;
				SWIFT_OPTIMIZATION_LEVEL = "-Onone";
			};
			name = Debug;
		};
		8D6744722A2E278300D30320 /* Release */ = {
			isa = XCBuildConfiguration;
			buildSettings = {
				ALWAYS_SEARCH_USER_PATHS = NO;
				CLANG_ANALYZER_NONNULL = YES;
				CLANG_ANALYZER_NUMBER_OBJECT_CONVERSION = YES_AGGRESSIVE;
				CLANG_CXX_LANGUAGE_STANDARD = "gnu++20";
				CLANG_ENABLE_MODULES = YES;
				CLANG_ENABLE_OBJC_ARC = YES;
				CLANG_ENABLE_OBJC_WEAK = YES;
				CLANG_WARN_BLOCK_CAPTURE_AUTORELEASING = YES;
				CLANG_WARN_BOOL_CONVERSION = YES;
				CLANG_WARN_COMMA = YES;
				CLANG_WARN_CONSTANT_CONVERSION = YES;
				CLANG_WARN_DEPRECATED_OBJC_IMPLEMENTATIONS = YES;
				CLANG_WARN_DIRECT_OBJC_ISA_USAGE = YES_ERROR;
				CLANG_WARN_DOCUMENTATION_COMMENTS = YES;
				CLANG_WARN_EMPTY_BODY = YES;
				CLANG_WARN_ENUM_CONVERSION = YES;
				CLANG_WARN_INFINITE_RECURSION = YES;
				CLANG_WARN_INT_CONVERSION = YES;
				CLANG_WARN_NON_LITERAL_NULL_CONVERSION = YES;
				CLANG_WARN_OBJC_IMPLICIT_RETAIN_SELF = YES;
				CLANG_WARN_OBJC_LITERAL_CONVERSION = YES;
				CLANG_WARN_OBJC_ROOT_CLASS = YES_ERROR;
				CLANG_WARN_QUOTED_INCLUDE_IN_FRAMEWORK_HEADER = YES;
				CLANG_WARN_RANGE_LOOP_ANALYSIS = YES;
				CLANG_WARN_STRICT_PROTOTYPES = YES;
				CLANG_WARN_SUSPICIOUS_MOVE = YES;
				CLANG_WARN_UNGUARDED_AVAILABILITY = YES_AGGRESSIVE;
				CLANG_WARN_UNREACHABLE_CODE = YES;
				CLANG_WARN__DUPLICATE_METHOD_MATCH = YES;
				COPY_PHASE_STRIP = NO;
				DEBUG_INFORMATION_FORMAT = "dwarf-with-dsym";
				ENABLE_NS_ASSERTIONS = NO;
				ENABLE_STRICT_OBJC_MSGSEND = YES;
				GCC_C_LANGUAGE_STANDARD = gnu11;
				GCC_NO_COMMON_BLOCKS = YES;
				GCC_WARN_64_TO_32_BIT_CONVERSION = YES;
				GCC_WARN_ABOUT_RETURN_TYPE = YES_ERROR;
				GCC_WARN_UNDECLARED_SELECTOR = YES;
				GCC_WARN_UNINITIALIZED_AUTOS = YES_AGGRESSIVE;
				GCC_WARN_UNUSED_FUNCTION = YES;
				GCC_WARN_UNUSED_VARIABLE = YES;
				IPHONEOS_DEPLOYMENT_TARGET = 16.2;
				MTL_ENABLE_DEBUG_INFO = NO;
				MTL_FAST_MATH = YES;
				SDKROOT = iphoneos;
				SWIFT_COMPILATION_MODE = wholemodule;
				SWIFT_OPTIMIZATION_LEVEL = "-O";
				VALIDATE_PRODUCT = YES;
			};
			name = Release;
		};
		8D6744742A2E278300D30320 /* Debug */ = {
			isa = XCBuildConfiguration;
			buildSettings = {
				ASSETCATALOG_COMPILER_APPICON_NAME = AppIcon;
				ASSETCATALOG_COMPILER_GLOBAL_ACCENT_COLOR_NAME = AccentColor;
				CODE_SIGN_STYLE = Automatic;
				CURRENT_PROJECT_VERSION = 1;
				DEVELOPMENT_ASSET_PATHS = "\"Honeymoon/Preview Content\"";
				ENABLE_PREVIEWS = YES;
				GENERATE_INFOPLIST_FILE = YES;
				INFOPLIST_FILE = Honeymoon/Info.plist;
				INFOPLIST_KEY_UIApplicationSceneManifest_Generation = YES;
				INFOPLIST_KEY_UIApplicationSupportsIndirectInputEvents = YES;
				INFOPLIST_KEY_UISupportedInterfaceOrientations = UIInterfaceOrientationPortrait;
				LD_RUNPATH_SEARCH_PATHS = (
					"$(inherited)",
					"@executable_path/Frameworks",
				);
				MARKETING_VERSION = 1.0;
				PRODUCT_BUNDLE_IDENTIFIER = com.demo.Honeymoon;
				PRODUCT_NAME = "$(TARGET_NAME)";
				SWIFT_EMIT_LOC_STRINGS = YES;
				SWIFT_VERSION = 5.0;
				TARGETED_DEVICE_FAMILY = "1,2";
			};
			name = Debug;
		};
		8D6744752A2E278300D30320 /* Release */ = {
			isa = XCBuildConfiguration;
			buildSettings = {
				ASSETCATALOG_COMPILER_APPICON_NAME = AppIcon;
				ASSETCATALOG_COMPILER_GLOBAL_ACCENT_COLOR_NAME = AccentColor;
				CODE_SIGN_STYLE = Automatic;
				CURRENT_PROJECT_VERSION = 1;
				DEVELOPMENT_ASSET_PATHS = "\"Honeymoon/Preview Content\"";
				ENABLE_PREVIEWS = YES;
				GENERATE_INFOPLIST_FILE = YES;
				INFOPLIST_FILE = Honeymoon/Info.plist;
				INFOPLIST_KEY_UIApplicationSceneManifest_Generation = YES;
				INFOPLIST_KEY_UIApplicationSupportsIndirectInputEvents = YES;
				INFOPLIST_KEY_UISupportedInterfaceOrientations = UIInterfaceOrientationPortrait;
				LD_RUNPATH_SEARCH_PATHS = (
					"$(inherited)",
					"@executable_path/Frameworks",
				);
				MARKETING_VERSION = 1.0;
				PRODUCT_BUNDLE_IDENTIFIER = com.demo.Honeymoon;
				PRODUCT_NAME = "$(TARGET_NAME)";
				SWIFT_EMIT_LOC_STRINGS = YES;
				SWIFT_VERSION = 5.0;
				TARGETED_DEVICE_FAMILY = "1,2";
			};
			name = Release;
		};
/* End XCBuildConfiguration section */

/* Begin XCConfigurationList section */
		8D6744602A2E278000D30320 /* Build configuration list for PBXProject "Honeymoon" */ = {
			isa = XCConfigurationList;
			buildConfigurations = (
				8D6744712A2E278300D30320 /* Debug */,
				8D6744722A2E278300D30320 /* Release */,
			);
			defaultConfigurationIsVisible = 0;
			defaultConfigurationName = Release;
		};
		8D6744732A2E278300D30320 /* Build configuration list for PBXNativeTarget "Honeymoon" */ = {
			isa = XCConfigurationList;
			buildConfigurations = (
				8D6744742A2E278300D30320 /* Debug */,
				8D6744752A2E278300D30320 /* Release */,
			);
			defaultConfigurationIsVisible = 0;
			defaultConfigurationName = Release;
		};
/* End XCConfigurationList section */
	};
	rootObject = 8D67445D2A2E278000D30320 /* Project object */;
}
